// !$*UTF8*$!
{
	archiveVersion = 1;
	classes = {
	};
	objectVersion = 52;
	objects = {

/* Begin PBXBuildFile section */
		F6082ACF26A1A216009AEC81 /* SpinnerView.swift in Sources */ = {isa = PBXBuildFile; fileRef = F6082ACE26A1A216009AEC81 /* SpinnerView.swift */; };
		F6082AD326A1E42B009AEC81 /* Localizable.strings in Resources */ = {isa = PBXBuildFile; fileRef = F6082AD526A1E42B009AEC81 /* Localizable.strings */; };
		F6082AD826A1FB0F009AEC81 /* AlertController.swift in Sources */ = {isa = PBXBuildFile; fileRef = F6082AD726A1FB0F009AEC81 /* AlertController.swift */; };
		F6082ADB26A1FBEC009AEC81 /* SwiftMessages in Frameworks */ = {isa = PBXBuildFile; productRef = F6082ADA26A1FBEC009AEC81 /* SwiftMessages */; };
		F6082ADD26A20AB2009AEC81 /* LocalizationConstants.swift in Sources */ = {isa = PBXBuildFile; fileRef = F6082ADC26A20AB2009AEC81 /* LocalizationConstants.swift */; };
		F6B8C6FD269D771B00E1D687 /* AppDelegate.swift in Sources */ = {isa = PBXBuildFile; fileRef = F6B8C6FC269D771B00E1D687 /* AppDelegate.swift */; };
		F6B8C6FF269D771B00E1D687 /* SceneDelegate.swift in Sources */ = {isa = PBXBuildFile; fileRef = F6B8C6FE269D771B00E1D687 /* SceneDelegate.swift */; };
		F6B8C706269D771D00E1D687 /* Assets.xcassets in Resources */ = {isa = PBXBuildFile; fileRef = F6B8C705269D771D00E1D687 /* Assets.xcassets */; };
		F6B8C709269D771D00E1D687 /* LaunchScreen.storyboard in Resources */ = {isa = PBXBuildFile; fileRef = F6B8C707269D771D00E1D687 /* LaunchScreen.storyboard */; };
		F6B8C714269D795A00E1D687 /* LaunchUI.swift in Sources */ = {isa = PBXBuildFile; fileRef = F6B8C713269D795A00E1D687 /* LaunchUI.swift */; };
		F6B8C716269D798000E1D687 /* LoadingView.swift in Sources */ = {isa = PBXBuildFile; fileRef = F6B8C715269D798000E1D687 /* LoadingView.swift */; };
		F6B8C718269D799100E1D687 /* StartView.swift in Sources */ = {isa = PBXBuildFile; fileRef = F6B8C717269D799100E1D687 /* StartView.swift */; };
		F6B8C71C269D7C3900E1D687 /* SnapKit in Frameworks */ = {isa = PBXBuildFile; productRef = F6B8C71B269D7C3900E1D687 /* SnapKit */; };
		F6B8C71E269D7F2400E1D687 /* LaunchPresenter.swift in Sources */ = {isa = PBXBuildFile; fileRef = F6B8C71D269D7F2400E1D687 /* LaunchPresenter.swift */; };
		F6B8C721269D82B600E1D687 /* ModuleNavigationItem.swift in Sources */ = {isa = PBXBuildFile; fileRef = F6B8C720269D82B600E1D687 /* ModuleNavigationItem.swift */; };
		F6B8C723269D82D000E1D687 /* Navigator.swift in Sources */ = {isa = PBXBuildFile; fileRef = F6B8C722269D82D000E1D687 /* Navigator.swift */; };
		F6B8C725269D830100E1D687 /* LaunchAssembly.swift in Sources */ = {isa = PBXBuildFile; fileRef = F6B8C724269D830100E1D687 /* LaunchAssembly.swift */; };
		F6B8C728269D845500E1D687 /* DependencyContainer.swift in Sources */ = {isa = PBXBuildFile; fileRef = F6B8C727269D845500E1D687 /* DependencyContainer.swift */; };
		F6B8C72B269D847800E1D687 /* Swinject in Frameworks */ = {isa = PBXBuildFile; productRef = F6B8C72A269D847800E1D687 /* Swinject */; };
		F6B8C72E269DB6CB00E1D687 /* PropertiesStorage.swift in Sources */ = {isa = PBXBuildFile; fileRef = F6B8C72D269DB6CB00E1D687 /* PropertiesStorage.swift */; };
		F6B8C73C269DD7A300E1D687 /* BooksListUI.swift in Sources */ = {isa = PBXBuildFile; fileRef = F6B8C73B269DD7A300E1D687 /* BooksListUI.swift */; };
		F6B8C73E269DD7AF00E1D687 /* BooksListView.swift in Sources */ = {isa = PBXBuildFile; fileRef = F6B8C73D269DD7AF00E1D687 /* BooksListView.swift */; };
		F6B8C740269DD7BA00E1D687 /* BooksListPresenter.swift in Sources */ = {isa = PBXBuildFile; fileRef = F6B8C73F269DD7BA00E1D687 /* BooksListPresenter.swift */; };
		F6B8C742269DD7C600E1D687 /* BooksListAssembly.swift in Sources */ = {isa = PBXBuildFile; fileRef = F6B8C741269DD7C600E1D687 /* BooksListAssembly.swift */; };
		F6B8C744269DD7D200E1D687 /* BooksListTableViewCell.swift in Sources */ = {isa = PBXBuildFile; fileRef = F6B8C743269DD7D200E1D687 /* BooksListTableViewCell.swift */; };
		F6B8C747269DED8500E1D687 /* BooksStorage.swift in Sources */ = {isa = PBXBuildFile; fileRef = F6B8C746269DED8500E1D687 /* BooksStorage.swift */; };
		F6B8C74D269DEECA00E1D687 /* BooksRecorder.xcdatamodeld in Sources */ = {isa = PBXBuildFile; fileRef = F6B8C74B269DEECA00E1D687 /* BooksRecorder.xcdatamodeld */; };
		F6B8C750269DEF8600E1D687 /* BookDto.swift in Sources */ = {isa = PBXBuildFile; fileRef = F6B8C74F269DEF8600E1D687 /* BookDto.swift */; };
		F6BA9EE1269EFAFD00DC21E4 /* DetailsUI.swift in Sources */ = {isa = PBXBuildFile; fileRef = F6BA9EE0269EFAFD00DC21E4 /* DetailsUI.swift */; };
		F6BA9EE3269EFB1100DC21E4 /* DetailsView.swift in Sources */ = {isa = PBXBuildFile; fileRef = F6BA9EE2269EFB1100DC21E4 /* DetailsView.swift */; };
		F6BA9EE5269EFB1F00DC21E4 /* DetailsPresenter.swift in Sources */ = {isa = PBXBuildFile; fileRef = F6BA9EE4269EFB1F00DC21E4 /* DetailsPresenter.swift */; };
		F6BA9EE7269EFB2C00DC21E4 /* DetailsAssembly.swift in Sources */ = {isa = PBXBuildFile; fileRef = F6BA9EE6269EFB2C00DC21E4 /* DetailsAssembly.swift */; };
		F6BA9EEA269EFD5F00DC21E4 /* IPresentingStrategy.swift in Sources */ = {isa = PBXBuildFile; fileRef = F6BA9EE9269EFD5F00DC21E4 /* IPresentingStrategy.swift */; };
		F6BA9EEC269EFD8400DC21E4 /* EditStrategy.swift in Sources */ = {isa = PBXBuildFile; fileRef = F6BA9EEB269EFD8400DC21E4 /* EditStrategy.swift */; };
		F6BA9EEE269EFDBA00DC21E4 /* AddStrategy.swift in Sources */ = {isa = PBXBuildFile; fileRef = F6BA9EED269EFDBA00DC21E4 /* AddStrategy.swift */; };
		F6BA9EF1269F01B900DC21E4 /* UITextField + Extension.swift in Sources */ = {isa = PBXBuildFile; fileRef = F6BA9EF0269F01B900DC21E4 /* UITextField + Extension.swift */; };
		F6BA9EF4269F053B00DC21E4 /* ActionButton.swift in Sources */ = {isa = PBXBuildFile; fileRef = F6BA9EF3269F053B00DC21E4 /* ActionButton.swift */; };
		F6BA9EF8269F1BF500DC21E4 /* BookViewModel.swift in Sources */ = {isa = PBXBuildFile; fileRef = F6BA9EF7269F1BF500DC21E4 /* BookViewModel.swift */; };
/* End PBXBuildFile section */

/* Begin PBXFileReference section */
		F6082ACE26A1A216009AEC81 /* SpinnerView.swift */ = {isa = PBXFileReference; lastKnownFileType = sourcecode.swift; path = SpinnerView.swift; sourceTree = "<group>"; };
		F6082AD026A1E390009AEC81 /* ru */ = {isa = PBXFileReference; lastKnownFileType = text.plist.strings; name = ru; path = ru.lproj/LaunchScreen.strings; sourceTree = "<group>"; };
		F6082AD426A1E42B009AEC81 /* en */ = {isa = PBXFileReference; lastKnownFileType = text.plist.strings; name = en; path = en.lproj/Localizable.strings; sourceTree = "<group>"; };
		F6082AD626A1E42F009AEC81 /* ru */ = {isa = PBXFileReference; lastKnownFileType = text.plist.strings; name = ru; path = ru.lproj/Localizable.strings; sourceTree = "<group>"; };
		F6082AD726A1FB0F009AEC81 /* AlertController.swift */ = {isa = PBXFileReference; lastKnownFileType = sourcecode.swift; path = AlertController.swift; sourceTree = "<group>"; };
		F6082ADC26A20AB2009AEC81 /* LocalizationConstants.swift */ = {isa = PBXFileReference; lastKnownFileType = sourcecode.swift; path = LocalizationConstants.swift; sourceTree = "<group>"; };
		F6B8C6F9269D771B00E1D687 /* BooksRecorder.app */ = {isa = PBXFileReference; explicitFileType = wrapper.application; includeInIndex = 0; path = BooksRecorder.app; sourceTree = BUILT_PRODUCTS_DIR; };
		F6B8C6FC269D771B00E1D687 /* AppDelegate.swift */ = {isa = PBXFileReference; lastKnownFileType = sourcecode.swift; path = AppDelegate.swift; sourceTree = "<group>"; };
		F6B8C6FE269D771B00E1D687 /* SceneDelegate.swift */ = {isa = PBXFileReference; lastKnownFileType = sourcecode.swift; path = SceneDelegate.swift; sourceTree = "<group>"; };
		F6B8C705269D771D00E1D687 /* Assets.xcassets */ = {isa = PBXFileReference; lastKnownFileType = folder.assetcatalog; path = Assets.xcassets; sourceTree = "<group>"; };
		F6B8C708269D771D00E1D687 /* Base */ = {isa = PBXFileReference; lastKnownFileType = file.storyboard; name = Base; path = Base.lproj/LaunchScreen.storyboard; sourceTree = "<group>"; };
		F6B8C70A269D771D00E1D687 /* Info.plist */ = {isa = PBXFileReference; lastKnownFileType = text.plist.xml; path = Info.plist; sourceTree = "<group>"; };
		F6B8C713269D795A00E1D687 /* LaunchUI.swift */ = {isa = PBXFileReference; lastKnownFileType = sourcecode.swift; path = LaunchUI.swift; sourceTree = "<group>"; };
		F6B8C715269D798000E1D687 /* LoadingView.swift */ = {isa = PBXFileReference; lastKnownFileType = sourcecode.swift; path = LoadingView.swift; sourceTree = "<group>"; };
		F6B8C717269D799100E1D687 /* StartView.swift */ = {isa = PBXFileReference; lastKnownFileType = sourcecode.swift; path = StartView.swift; sourceTree = "<group>"; };
		F6B8C71D269D7F2400E1D687 /* LaunchPresenter.swift */ = {isa = PBXFileReference; lastKnownFileType = sourcecode.swift; path = LaunchPresenter.swift; sourceTree = "<group>"; };
		F6B8C720269D82B600E1D687 /* ModuleNavigationItem.swift */ = {isa = PBXFileReference; lastKnownFileType = sourcecode.swift; path = ModuleNavigationItem.swift; sourceTree = "<group>"; };
		F6B8C722269D82D000E1D687 /* Navigator.swift */ = {isa = PBXFileReference; lastKnownFileType = sourcecode.swift; path = Navigator.swift; sourceTree = "<group>"; };
		F6B8C724269D830100E1D687 /* LaunchAssembly.swift */ = {isa = PBXFileReference; lastKnownFileType = sourcecode.swift; path = LaunchAssembly.swift; sourceTree = "<group>"; };
		F6B8C727269D845500E1D687 /* DependencyContainer.swift */ = {isa = PBXFileReference; lastKnownFileType = sourcecode.swift; path = DependencyContainer.swift; sourceTree = "<group>"; };
		F6B8C72D269DB6CB00E1D687 /* PropertiesStorage.swift */ = {isa = PBXFileReference; lastKnownFileType = sourcecode.swift; path = PropertiesStorage.swift; sourceTree = "<group>"; };
		F6B8C73B269DD7A300E1D687 /* BooksListUI.swift */ = {isa = PBXFileReference; lastKnownFileType = sourcecode.swift; path = BooksListUI.swift; sourceTree = "<group>"; };
		F6B8C73D269DD7AF00E1D687 /* BooksListView.swift */ = {isa = PBXFileReference; lastKnownFileType = sourcecode.swift; path = BooksListView.swift; sourceTree = "<group>"; };
		F6B8C73F269DD7BA00E1D687 /* BooksListPresenter.swift */ = {isa = PBXFileReference; lastKnownFileType = sourcecode.swift; path = BooksListPresenter.swift; sourceTree = "<group>"; };
		F6B8C741269DD7C600E1D687 /* BooksListAssembly.swift */ = {isa = PBXFileReference; lastKnownFileType = sourcecode.swift; path = BooksListAssembly.swift; sourceTree = "<group>"; };
		F6B8C743269DD7D200E1D687 /* BooksListTableViewCell.swift */ = {isa = PBXFileReference; lastKnownFileType = sourcecode.swift; path = BooksListTableViewCell.swift; sourceTree = "<group>"; };
		F6B8C746269DED8500E1D687 /* BooksStorage.swift */ = {isa = PBXFileReference; lastKnownFileType = sourcecode.swift; path = BooksStorage.swift; sourceTree = "<group>"; };
		F6B8C74C269DEECA00E1D687 /* BooksRecorder.xcdatamodel */ = {isa = PBXFileReference; lastKnownFileType = wrapper.xcdatamodel; path = BooksRecorder.xcdatamodel; sourceTree = "<group>"; };
		F6B8C74F269DEF8600E1D687 /* BookDto.swift */ = {isa = PBXFileReference; lastKnownFileType = sourcecode.swift; path = BookDto.swift; sourceTree = "<group>"; };
		F6BA9EE0269EFAFD00DC21E4 /* DetailsUI.swift */ = {isa = PBXFileReference; lastKnownFileType = sourcecode.swift; path = DetailsUI.swift; sourceTree = "<group>"; };
		F6BA9EE2269EFB1100DC21E4 /* DetailsView.swift */ = {isa = PBXFileReference; lastKnownFileType = sourcecode.swift; path = DetailsView.swift; sourceTree = "<group>"; };
		F6BA9EE4269EFB1F00DC21E4 /* DetailsPresenter.swift */ = {isa = PBXFileReference; lastKnownFileType = sourcecode.swift; path = DetailsPresenter.swift; sourceTree = "<group>"; };
		F6BA9EE6269EFB2C00DC21E4 /* DetailsAssembly.swift */ = {isa = PBXFileReference; lastKnownFileType = sourcecode.swift; path = DetailsAssembly.swift; sourceTree = "<group>"; };
		F6BA9EE9269EFD5F00DC21E4 /* IPresentingStrategy.swift */ = {isa = PBXFileReference; lastKnownFileType = sourcecode.swift; path = IPresentingStrategy.swift; sourceTree = "<group>"; };
		F6BA9EEB269EFD8400DC21E4 /* EditStrategy.swift */ = {isa = PBXFileReference; lastKnownFileType = sourcecode.swift; path = EditStrategy.swift; sourceTree = "<group>"; };
		F6BA9EED269EFDBA00DC21E4 /* AddStrategy.swift */ = {isa = PBXFileReference; lastKnownFileType = sourcecode.swift; path = AddStrategy.swift; sourceTree = "<group>"; };
		F6BA9EF0269F01B900DC21E4 /* UITextField + Extension.swift */ = {isa = PBXFileReference; lastKnownFileType = sourcecode.swift; path = "UITextField + Extension.swift"; sourceTree = "<group>"; };
		F6BA9EF3269F053B00DC21E4 /* ActionButton.swift */ = {isa = PBXFileReference; lastKnownFileType = sourcecode.swift; path = ActionButton.swift; sourceTree = "<group>"; };
		F6BA9EF7269F1BF500DC21E4 /* BookViewModel.swift */ = {isa = PBXFileReference; lastKnownFileType = sourcecode.swift; path = BookViewModel.swift; sourceTree = "<group>"; };
/* End PBXFileReference section */

/* Begin PBXFrameworksBuildPhase section */
		F6B8C6F6269D771B00E1D687 /* Frameworks */ = {
			isa = PBXFrameworksBuildPhase;
			buildActionMask = 2147483647;
			files = (
				F6B8C71C269D7C3900E1D687 /* SnapKit in Frameworks */,
				F6082ADB26A1FBEC009AEC81 /* SwiftMessages in Frameworks */,
				F6B8C72B269D847800E1D687 /* Swinject in Frameworks */,
			);
			runOnlyForDeploymentPostprocessing = 0;
		};
/* End PBXFrameworksBuildPhase section */

/* Begin PBXGroup section */
		F6B8C6F0269D771B00E1D687 = {
			isa = PBXGroup;
			children = (
				F6B8C6FB269D771B00E1D687 /* BooksRecorder */,
				F6B8C6FA269D771B00E1D687 /* Products */,
			);
			sourceTree = "<group>";
		};
		F6B8C6FA269D771B00E1D687 /* Products */ = {
			isa = PBXGroup;
			children = (
				F6B8C6F9269D771B00E1D687 /* BooksRecorder.app */,
			);
			name = Products;
			sourceTree = "<group>";
		};
		F6B8C6FB269D771B00E1D687 /* BooksRecorder */ = {
			isa = PBXGroup;
			children = (
				F6B8C726269D83F100E1D687 /* Application */,
				F6B8C711269D78D100E1D687 /* Common */,
				F6B8C710269D78C800E1D687 /* Modules */,
				F6B8C705269D771D00E1D687 /* Assets.xcassets */,
				F6B8C707269D771D00E1D687 /* LaunchScreen.storyboard */,
				F6B8C70A269D771D00E1D687 /* Info.plist */,
				F6B8C74B269DEECA00E1D687 /* BooksRecorder.xcdatamodeld */,
				F6082AD526A1E42B009AEC81 /* Localizable.strings */,
			);
			path = BooksRecorder;
			sourceTree = "<group>";
		};
		F6B8C710269D78C800E1D687 /* Modules */ = {
			isa = PBXGroup;
			children = (
				F6B8C712269D78EC00E1D687 /* Launch */,
				F6B8C73A269DD79000E1D687 /* BooksList */,
				F6BA9EDF269EFA6300DC21E4 /* Details */,
			);
			path = Modules;
			sourceTree = "<group>";
		};
		F6B8C711269D78D100E1D687 /* Common */ = {
			isa = PBXGroup;
			children = (
				F6B8C727269D845500E1D687 /* DependencyContainer.swift */,
				F6082AD726A1FB0F009AEC81 /* AlertController.swift */,
				F6082ADC26A20AB2009AEC81 /* LocalizationConstants.swift */,
				F6BA9EF2269F052300DC21E4 /* Views */,
				F6B8C74E269DEF7200E1D687 /* Dto */,
				F6B8C72C269DB68400E1D687 /* Storages */,
				F6B8C71F269D82A200E1D687 /* Navigation */,
				F6BA9EEF269F01A100DC21E4 /* Extensions */,
			);
			path = Common;
			sourceTree = "<group>";
		};
		F6B8C712269D78EC00E1D687 /* Launch */ = {
			isa = PBXGroup;
			children = (
				F6B8C719269D79A700E1D687 /* Views */,
				F6B8C713269D795A00E1D687 /* LaunchUI.swift */,
				F6B8C71D269D7F2400E1D687 /* LaunchPresenter.swift */,
				F6B8C724269D830100E1D687 /* LaunchAssembly.swift */,
			);
			path = Launch;
			sourceTree = "<group>";
		};
		F6B8C719269D79A700E1D687 /* Views */ = {
			isa = PBXGroup;
			children = (
				F6B8C715269D798000E1D687 /* LoadingView.swift */,
				F6B8C717269D799100E1D687 /* StartView.swift */,
				F6082ACE26A1A216009AEC81 /* SpinnerView.swift */,
			);
			path = Views;
			sourceTree = "<group>";
		};
		F6B8C71F269D82A200E1D687 /* Navigation */ = {
			isa = PBXGroup;
			children = (
				F6B8C720269D82B600E1D687 /* ModuleNavigationItem.swift */,
				F6B8C722269D82D000E1D687 /* Navigator.swift */,
			);
			path = Navigation;
			sourceTree = "<group>";
		};
		F6B8C726269D83F100E1D687 /* Application */ = {
			isa = PBXGroup;
			children = (
				F6B8C6FC269D771B00E1D687 /* AppDelegate.swift */,
				F6B8C6FE269D771B00E1D687 /* SceneDelegate.swift */,
			);
			path = Application;
			sourceTree = "<group>";
		};
		F6B8C72C269DB68400E1D687 /* Storages */ = {
			isa = PBXGroup;
			children = (
				F6B8C72D269DB6CB00E1D687 /* PropertiesStorage.swift */,
				F6B8C746269DED8500E1D687 /* BooksStorage.swift */,
			);
			path = Storages;
			sourceTree = "<group>";
		};
		F6B8C73A269DD79000E1D687 /* BooksList */ = {
			isa = PBXGroup;
			children = (
				F6B8C745269DD7D600E1D687 /* Views */,
				F6B8C73B269DD7A300E1D687 /* BooksListUI.swift */,
				F6B8C73F269DD7BA00E1D687 /* BooksListPresenter.swift */,
				F6B8C741269DD7C600E1D687 /* BooksListAssembly.swift */,
			);
			path = BooksList;
			sourceTree = "<group>";
		};
		F6B8C745269DD7D600E1D687 /* Views */ = {
			isa = PBXGroup;
			children = (
				F6B8C73D269DD7AF00E1D687 /* BooksListView.swift */,
				F6B8C743269DD7D200E1D687 /* BooksListTableViewCell.swift */,
			);
			path = Views;
			sourceTree = "<group>";
		};
		F6B8C74E269DEF7200E1D687 /* Dto */ = {
			isa = PBXGroup;
			children = (
				F6B8C74F269DEF8600E1D687 /* BookDto.swift */,
			);
			path = Dto;
			sourceTree = "<group>";
		};
		F6BA9EDF269EFA6300DC21E4 /* Details */ = {
			isa = PBXGroup;
			children = (
				F6BA9EE8269EFCF800DC21E4 /* UpdateStrategy */,
				F6BA9EE0269EFAFD00DC21E4 /* DetailsUI.swift */,
				F6BA9EE2269EFB1100DC21E4 /* DetailsView.swift */,
				F6BA9EE4269EFB1F00DC21E4 /* DetailsPresenter.swift */,
				F6BA9EE6269EFB2C00DC21E4 /* DetailsAssembly.swift */,
				F6BA9EF7269F1BF500DC21E4 /* BookViewModel.swift */,
			);
			path = Details;
			sourceTree = "<group>";
		};
		F6BA9EE8269EFCF800DC21E4 /* UpdateStrategy */ = {
			isa = PBXGroup;
			children = (
				F6BA9EE9269EFD5F00DC21E4 /* IPresentingStrategy.swift */,
				F6BA9EEB269EFD8400DC21E4 /* EditStrategy.swift */,
				F6BA9EED269EFDBA00DC21E4 /* AddStrategy.swift */,
			);
			path = UpdateStrategy;
			sourceTree = "<group>";
		};
		F6BA9EEF269F01A100DC21E4 /* Extensions */ = {
			isa = PBXGroup;
			children = (
				F6BA9EF0269F01B900DC21E4 /* UITextField + Extension.swift */,
			);
			path = Extensions;
			sourceTree = "<group>";
		};
		F6BA9EF2269F052300DC21E4 /* Views */ = {
			isa = PBXGroup;
			children = (
				F6BA9EF3269F053B00DC21E4 /* ActionButton.swift */,
			);
			path = Views;
			sourceTree = "<group>";
		};
/* End PBXGroup section */

/* Begin PBXNativeTarget section */
		F6B8C6F8269D771B00E1D687 /* BooksRecorder */ = {
			isa = PBXNativeTarget;
			buildConfigurationList = F6B8C70D269D771D00E1D687 /* Build configuration list for PBXNativeTarget "BooksRecorder" */;
			buildPhases = (
				F6B8C6F5269D771B00E1D687 /* Sources */,
				F6B8C6F6269D771B00E1D687 /* Frameworks */,
				F6B8C6F7269D771B00E1D687 /* Resources */,
			);
			buildRules = (
			);
			dependencies = (
			);
			name = BooksRecorder;
			packageProductDependencies = (
				F6B8C71B269D7C3900E1D687 /* SnapKit */,
				F6B8C72A269D847800E1D687 /* Swinject */,
				F6082ADA26A1FBEC009AEC81 /* SwiftMessages */,
			);
			productName = BooksRecorder;
			productReference = F6B8C6F9269D771B00E1D687 /* BooksRecorder.app */;
			productType = "com.apple.product-type.application";
		};
/* End PBXNativeTarget section */

/* Begin PBXProject section */
		F6B8C6F1269D771B00E1D687 /* Project object */ = {
			isa = PBXProject;
			attributes = {
				LastSwiftUpdateCheck = 1250;
				LastUpgradeCheck = 1250;
				TargetAttributes = {
					F6B8C6F8269D771B00E1D687 = {
						CreatedOnToolsVersion = 12.5;
					};
				};
			};
			buildConfigurationList = F6B8C6F4269D771B00E1D687 /* Build configuration list for PBXProject "BooksRecorder" */;
			compatibilityVersion = "Xcode 9.3";
			developmentRegion = en;
			hasScannedForEncodings = 0;
			knownRegions = (
				en,
				Base,
				ru,
			);
			mainGroup = F6B8C6F0269D771B00E1D687;
			packageReferences = (
				F6B8C71A269D7C3900E1D687 /* XCRemoteSwiftPackageReference "SnapKit" */,
				F6B8C729269D847800E1D687 /* XCRemoteSwiftPackageReference "Swinject" */,
				F6082AD926A1FBEC009AEC81 /* XCRemoteSwiftPackageReference "SwiftMessages" */,
			);
			productRefGroup = F6B8C6FA269D771B00E1D687 /* Products */;
			projectDirPath = "";
			projectRoot = "";
			targets = (
				F6B8C6F8269D771B00E1D687 /* BooksRecorder */,
			);
		};
/* End PBXProject section */

/* Begin PBXResourcesBuildPhase section */
		F6B8C6F7269D771B00E1D687 /* Resources */ = {
			isa = PBXResourcesBuildPhase;
			buildActionMask = 2147483647;
			files = (
				F6B8C709269D771D00E1D687 /* LaunchScreen.storyboard in Resources */,
				F6082AD326A1E42B009AEC81 /* Localizable.strings in Resources */,
				F6B8C706269D771D00E1D687 /* Assets.xcassets in Resources */,
			);
			runOnlyForDeploymentPostprocessing = 0;
		};
/* End PBXResourcesBuildPhase section */

/* Begin PBXSourcesBuildPhase section */
		F6B8C6F5269D771B00E1D687 /* Sources */ = {
			isa = PBXSourcesBuildPhase;
			buildActionMask = 2147483647;
			files = (
				F6B8C73C269DD7A300E1D687 /* BooksListUI.swift in Sources */,
				F6B8C72E269DB6CB00E1D687 /* PropertiesStorage.swift in Sources */,
				F6B8C6FD269D771B00E1D687 /* AppDelegate.swift in Sources */,
				F6BA9EE7269EFB2C00DC21E4 /* DetailsAssembly.swift in Sources */,
				F6B8C723269D82D000E1D687 /* Navigator.swift in Sources */,
				F6B8C744269DD7D200E1D687 /* BooksListTableViewCell.swift in Sources */,
				F6BA9EE5269EFB1F00DC21E4 /* DetailsPresenter.swift in Sources */,
				F6BA9EEA269EFD5F00DC21E4 /* IPresentingStrategy.swift in Sources */,
				F6B8C721269D82B600E1D687 /* ModuleNavigationItem.swift in Sources */,
				F6082AD826A1FB0F009AEC81 /* AlertController.swift in Sources */,
				F6B8C750269DEF8600E1D687 /* BookDto.swift in Sources */,
				F6B8C740269DD7BA00E1D687 /* BooksListPresenter.swift in Sources */,
				F6BA9EE3269EFB1100DC21E4 /* DetailsView.swift in Sources */,
				F6B8C73E269DD7AF00E1D687 /* BooksListView.swift in Sources */,
				F6B8C714269D795A00E1D687 /* LaunchUI.swift in Sources */,
				F6B8C718269D799100E1D687 /* StartView.swift in Sources */,
				F6B8C747269DED8500E1D687 /* BooksStorage.swift in Sources */,
				F6082ACF26A1A216009AEC81 /* SpinnerView.swift in Sources */,
				F6B8C742269DD7C600E1D687 /* BooksListAssembly.swift in Sources */,
				F6B8C716269D798000E1D687 /* LoadingView.swift in Sources */,
				F6BA9EE1269EFAFD00DC21E4 /* DetailsUI.swift in Sources */,
				F6B8C728269D845500E1D687 /* DependencyContainer.swift in Sources */,
				F6B8C74D269DEECA00E1D687 /* BooksRecorder.xcdatamodeld in Sources */,
				F6B8C71E269D7F2400E1D687 /* LaunchPresenter.swift in Sources */,
				F6BA9EEE269EFDBA00DC21E4 /* AddStrategy.swift in Sources */,
				F6B8C725269D830100E1D687 /* LaunchAssembly.swift in Sources */,
				F6BA9EF8269F1BF500DC21E4 /* BookViewModel.swift in Sources */,
				F6BA9EEC269EFD8400DC21E4 /* EditStrategy.swift in Sources */,
				F6082ADD26A20AB2009AEC81 /* LocalizationConstants.swift in Sources */,
				F6B8C6FF269D771B00E1D687 /* SceneDelegate.swift in Sources */,
				F6BA9EF1269F01B900DC21E4 /* UITextField + Extension.swift in Sources */,
				F6BA9EF4269F053B00DC21E4 /* ActionButton.swift in Sources */,
			);
			runOnlyForDeploymentPostprocessing = 0;
		};
/* End PBXSourcesBuildPhase section */

/* Begin PBXVariantGroup section */
		F6082AD526A1E42B009AEC81 /* Localizable.strings */ = {
			isa = PBXVariantGroup;
			children = (
				F6082AD426A1E42B009AEC81 /* en */,
				F6082AD626A1E42F009AEC81 /* ru */,
			);
			name = Localizable.strings;
			sourceTree = "<group>";
		};
		F6B8C707269D771D00E1D687 /* LaunchScreen.storyboard */ = {
			isa = PBXVariantGroup;
			children = (
				F6B8C708269D771D00E1D687 /* Base */,
				F6082AD026A1E390009AEC81 /* ru */,
			);
			name = LaunchScreen.storyboard;
			sourceTree = "<group>";
		};
/* End PBXVariantGroup section */

/* Begin XCBuildConfiguration section */
		F6B8C70B269D771D00E1D687 /* Debug */ = {
			isa = XCBuildConfiguration;
			buildSettings = {
				ALWAYS_SEARCH_USER_PATHS = NO;
				CLANG_ANALYZER_LOCALIZABILITY_NONLOCALIZED = YES;
				CLANG_ANALYZER_NONNULL = YES;
				CLANG_ANALYZER_NUMBER_OBJECT_CONVERSION = YES_AGGRESSIVE;
				CLANG_CXX_LANGUAGE_STANDARD = "gnu++14";
				CLANG_CXX_LIBRARY = "libc++";
				CLANG_ENABLE_MODULES = YES;
				CLANG_ENABLE_OBJC_ARC = YES;
				CLANG_ENABLE_OBJC_WEAK = YES;
				CLANG_WARN_BLOCK_CAPTURE_AUTORELEASING = YES;
				CLANG_WARN_BOOL_CONVERSION = YES;
				CLANG_WARN_COMMA = YES;
				CLANG_WARN_CONSTANT_CONVERSION = YES;
				CLANG_WARN_DEPRECATED_OBJC_IMPLEMENTATIONS = YES;
				CLANG_WARN_DIRECT_OBJC_ISA_USAGE = YES_ERROR;
				CLANG_WARN_DOCUMENTATION_COMMENTS = YES;
				CLANG_WARN_EMPTY_BODY = YES;
				CLANG_WARN_ENUM_CONVERSION = YES;
				CLANG_WARN_INFINITE_RECURSION = YES;
				CLANG_WARN_INT_CONVERSION = YES;
				CLANG_WARN_NON_LITERAL_NULL_CONVERSION = YES;
				CLANG_WARN_OBJC_IMPLICIT_RETAIN_SELF = YES;
				CLANG_WARN_OBJC_LITERAL_CONVERSION = YES;
				CLANG_WARN_OBJC_ROOT_CLASS = YES_ERROR;
				CLANG_WARN_QUOTED_INCLUDE_IN_FRAMEWORK_HEADER = YES;
				CLANG_WARN_RANGE_LOOP_ANALYSIS = YES;
				CLANG_WARN_STRICT_PROTOTYPES = YES;
				CLANG_WARN_SUSPICIOUS_MOVE = YES;
				CLANG_WARN_UNGUARDED_AVAILABILITY = YES_AGGRESSIVE;
				CLANG_WARN_UNREACHABLE_CODE = YES;
				CLANG_WARN__DUPLICATE_METHOD_MATCH = YES;
				COPY_PHASE_STRIP = NO;
				DEBUG_INFORMATION_FORMAT = dwarf;
				ENABLE_STRICT_OBJC_MSGSEND = YES;
				ENABLE_TESTABILITY = YES;
				GCC_C_LANGUAGE_STANDARD = gnu11;
				GCC_DYNAMIC_NO_PIC = NO;
				GCC_NO_COMMON_BLOCKS = YES;
				GCC_OPTIMIZATION_LEVEL = 0;
				GCC_PREPROCESSOR_DEFINITIONS = (
					"DEBUG=1",
					"$(inherited)",
				);
				GCC_WARN_64_TO_32_BIT_CONVERSION = YES;
				GCC_WARN_ABOUT_RETURN_TYPE = YES_ERROR;
				GCC_WARN_UNDECLARED_SELECTOR = YES;
				GCC_WARN_UNINITIALIZED_AUTOS = YES_AGGRESSIVE;
				GCC_WARN_UNUSED_FUNCTION = YES;
				GCC_WARN_UNUSED_VARIABLE = YES;
				IPHONEOS_DEPLOYMENT_TARGET = 14.5;
				MTL_ENABLE_DEBUG_INFO = INCLUDE_SOURCE;
				MTL_FAST_MATH = YES;
				ONLY_ACTIVE_ARCH = YES;
				SDKROOT = iphoneos;
				SWIFT_ACTIVE_COMPILATION_CONDITIONS = DEBUG;
				SWIFT_OPTIMIZATION_LEVEL = "-Onone";
			};
			name = Debug;
		};
		F6B8C70C269D771D00E1D687 /* Release */ = {
			isa = XCBuildConfiguration;
			buildSettings = {
				ALWAYS_SEARCH_USER_PATHS = NO;
				CLANG_ANALYZER_LOCALIZABILITY_NONLOCALIZED = YES;
				CLANG_ANALYZER_NONNULL = YES;
				CLANG_ANALYZER_NUMBER_OBJECT_CONVERSION = YES_AGGRESSIVE;
				CLANG_CXX_LANGUAGE_STANDARD = "gnu++14";
				CLANG_CXX_LIBRARY = "libc++";
				CLANG_ENABLE_MODULES = YES;
				CLANG_ENABLE_OBJC_ARC = YES;
				CLANG_ENABLE_OBJC_WEAK = YES;
				CLANG_WARN_BLOCK_CAPTURE_AUTORELEASING = YES;
				CLANG_WARN_BOOL_CONVERSION = YES;
				CLANG_WARN_COMMA = YES;
				CLANG_WARN_CONSTANT_CONVERSION = YES;
				CLANG_WARN_DEPRECATED_OBJC_IMPLEMENTATIONS = YES;
				CLANG_WARN_DIRECT_OBJC_ISA_USAGE = YES_ERROR;
				CLANG_WARN_DOCUMENTATION_COMMENTS = YES;
				CLANG_WARN_EMPTY_BODY = YES;
				CLANG_WARN_ENUM_CONVERSION = YES;
				CLANG_WARN_INFINITE_RECURSION = YES;
				CLANG_WARN_INT_CONVERSION = YES;
				CLANG_WARN_NON_LITERAL_NULL_CONVERSION = YES;
				CLANG_WARN_OBJC_IMPLICIT_RETAIN_SELF = YES;
				CLANG_WARN_OBJC_LITERAL_CONVERSION = YES;
				CLANG_WARN_OBJC_ROOT_CLASS = YES_ERROR;
				CLANG_WARN_QUOTED_INCLUDE_IN_FRAMEWORK_HEADER = YES;
				CLANG_WARN_RANGE_LOOP_ANALYSIS = YES;
				CLANG_WARN_STRICT_PROTOTYPES = YES;
				CLANG_WARN_SUSPICIOUS_MOVE = YES;
				CLANG_WARN_UNGUARDED_AVAILABILITY = YES_AGGRESSIVE;
				CLANG_WARN_UNREACHABLE_CODE = YES;
				CLANG_WARN__DUPLICATE_METHOD_MATCH = YES;
				COPY_PHASE_STRIP = NO;
				DEBUG_INFORMATION_FORMAT = "dwarf-with-dsym";
				ENABLE_NS_ASSERTIONS = NO;
				ENABLE_STRICT_OBJC_MSGSEND = YES;
				GCC_C_LANGUAGE_STANDARD = gnu11;
				GCC_NO_COMMON_BLOCKS = YES;
				GCC_WARN_64_TO_32_BIT_CONVERSION = YES;
				GCC_WARN_ABOUT_RETURN_TYPE = YES_ERROR;
				GCC_WARN_UNDECLARED_SELECTOR = YES;
				GCC_WARN_UNINITIALIZED_AUTOS = YES_AGGRESSIVE;
				GCC_WARN_UNUSED_FUNCTION = YES;
				GCC_WARN_UNUSED_VARIABLE = YES;
				IPHONEOS_DEPLOYMENT_TARGET = 14.5;
				MTL_ENABLE_DEBUG_INFO = NO;
				MTL_FAST_MATH = YES;
				SDKROOT = iphoneos;
				SWIFT_COMPILATION_MODE = wholemodule;
				SWIFT_OPTIMIZATION_LEVEL = "-O";
				VALIDATE_PRODUCT = YES;
			};
			name = Release;
		};
		F6B8C70E269D771D00E1D687 /* Debug */ = {
			isa = XCBuildConfiguration;
			buildSettings = {
				ASSETCATALOG_COMPILER_APPICON_NAME = AppIcon;
				ASSETCATALOG_COMPILER_GLOBAL_ACCENT_COLOR_NAME = AccentColor;
				CODE_SIGN_STYLE = Automatic;
				DEVELOPMENT_TEAM = HD8574344G;
				INFOPLIST_FILE = BooksRecorder/Info.plist;
				LD_RUNPATH_SEARCH_PATHS = (
					"$(inherited)",
					"@executable_path/Frameworks",
				);
				PRODUCT_BUNDLE_IDENTIFIER = nikitagusev.BooksRecorder;
				PRODUCT_NAME = "$(TARGET_NAME)";
				SWIFT_VERSION = 5.0;
				TARGETED_DEVICE_FAMILY = "1,2";
			};
			name = Debug;
		};
		F6B8C70F269D771D00E1D687 /* Release */ = {
			isa = XCBuildConfiguration;
			buildSettings = {
				ASSETCATALOG_COMPILER_APPICON_NAME = AppIcon;
				ASSETCATALOG_COMPILER_GLOBAL_ACCENT_COLOR_NAME = AccentColor;
				CODE_SIGN_STYLE = Automatic;
				DEVELOPMENT_TEAM = HD8574344G;
				INFOPLIST_FILE = BooksRecorder/Info.plist;
				LD_RUNPATH_SEARCH_PATHS = (
					"$(inherited)",
					"@executable_path/Frameworks",
				);
				PRODUCT_BUNDLE_IDENTIFIER = nikitagusev.BooksRecorder;
				PRODUCT_NAME = "$(TARGET_NAME)";
				SWIFT_VERSION = 5.0;
				TARGETED_DEVICE_FAMILY = "1,2";
			};
			name = Release;
		};
/* End XCBuildConfiguration section */

/* Begin XCConfigurationList section */
		F6B8C6F4269D771B00E1D687 /* Build configuration list for PBXProject "BooksRecorder" */ = {
			isa = XCConfigurationList;
			buildConfigurations = (
				F6B8C70B269D771D00E1D687 /* Debug */,
				F6B8C70C269D771D00E1D687 /* Release */,
			);
			defaultConfigurationIsVisible = 0;
			defaultConfigurationName = Release;
		};
		F6B8C70D269D771D00E1D687 /* Build configuration list for PBXNativeTarget "BooksRecorder" */ = {
			isa = XCConfigurationList;
			buildConfigurations = (
				F6B8C70E269D771D00E1D687 /* Debug */,
				F6B8C70F269D771D00E1D687 /* Release */,
			);
			defaultConfigurationIsVisible = 0;
			defaultConfigurationName = Release;
		};
/* End XCConfigurationList section */

/* Begin XCRemoteSwiftPackageReference section */
		F6082AD926A1FBEC009AEC81 /* XCRemoteSwiftPackageReference "SwiftMessages" */ = {
			isa = XCRemoteSwiftPackageReference;
			repositoryURL = "https://github.com/SwiftKickMobile/SwiftMessages";
			requirement = {
				kind = upToNextMajorVersion;
				minimumVersion = 9.0.3;
			};
		};
		F6B8C71A269D7C3900E1D687 /* XCRemoteSwiftPackageReference "SnapKit" */ = {
			isa = XCRemoteSwiftPackageReference;
			repositoryURL = "https://github.com/SnapKit/SnapKit.git";
			requirement = {
				kind = upToNextMajorVersion;
				minimumVersion = 5.0.1;
			};
		};
		F6B8C729269D847800E1D687 /* XCRemoteSwiftPackageReference "Swinject" */ = {
			isa = XCRemoteSwiftPackageReference;
			repositoryURL = "https://github.com/Swinject/Swinject.git";
			requirement = {
				kind = upToNextMajorVersion;
				minimumVersion = 2.7.1;
			};
		};
/* End XCRemoteSwiftPackageReference section */

/* Begin XCSwiftPackageProductDependency section */
		F6082ADA26A1FBEC009AEC81 /* SwiftMessages */ = {
			isa = XCSwiftPackageProductDependency;
			package = F6082AD926A1FBEC009AEC81 /* XCRemoteSwiftPackageReference "SwiftMessages" */;
			productName = SwiftMessages;
		};
		F6B8C71B269D7C3900E1D687 /* SnapKit */ = {
			isa = XCSwiftPackageProductDependency;
			package = F6B8C71A269D7C3900E1D687 /* XCRemoteSwiftPackageReference "SnapKit" */;
			productName = SnapKit;
		};
		F6B8C72A269D847800E1D687 /* Swinject */ = {
			isa = XCSwiftPackageProductDependency;
			package = F6B8C729269D847800E1D687 /* XCRemoteSwiftPackageReference "Swinject" */;
			productName = Swinject;
		};
/* End XCSwiftPackageProductDependency section */

/* Begin XCVersionGroup section */
		F6B8C74B269DEECA00E1D687 /* BooksRecorder.xcdatamodeld */ = {
			isa = XCVersionGroup;
			children = (
				F6B8C74C269DEECA00E1D687 /* BooksRecorder.xcdatamodel */,
			);
			currentVersion = F6B8C74C269DEECA00E1D687 /* BooksRecorder.xcdatamodel */;
			path = BooksRecorder.xcdatamodeld;
			sourceTree = "<group>";
			versionGroupType = wrapper.xcdatamodel;
		};
/* End XCVersionGroup section */
	};
	rootObject = F6B8C6F1269D771B00E1D687 /* Project object */;
}
